// !$*UTF8*$!
{
	archiveVersion = 1;
	classes = {
	};
	objectVersion = 50;
	objects = {

/* Begin PBXBuildFile section */
		4C657A9C807E410BCB44FD27 /* Pods_Weather.framework in Frameworks */ = {isa = PBXBuildFile; fileRef = A703FE67540F339E8B570D6A /* Pods_Weather.framework */; };
		7AEB05BB8989FDC18037013B /* Pods_Weather_WeatherUITests.framework in Frameworks */ = {isa = PBXBuildFile; fileRef = 25AF822D524FCB05EA9438AF /* Pods_Weather_WeatherUITests.framework */; };
		AFFDD123F8CE321537ACAE1F /* Pods_WeatherTests.framework in Frameworks */ = {isa = PBXBuildFile; fileRef = C45D9A5E0B96F9910F5D75AB /* Pods_WeatherTests.framework */; };
		D81EDD3B2598717F00462152 /* AppDelegate.swift in Sources */ = {isa = PBXBuildFile; fileRef = D81EDD3A2598717F00462152 /* AppDelegate.swift */; };
		D81EDD3D2598717F00462152 /* SceneDelegate.swift in Sources */ = {isa = PBXBuildFile; fileRef = D81EDD3C2598717F00462152 /* SceneDelegate.swift */; };
		D81EDD3F2598717F00462152 /* WeatherDetailsViewController.swift in Sources */ = {isa = PBXBuildFile; fileRef = D81EDD3E2598717F00462152 /* WeatherDetailsViewController.swift */; };
		D81EDD422598718000462152 /* WeatherDetails.storyboard in Resources */ = {isa = PBXBuildFile; fileRef = D81EDD402598718000462152 /* WeatherDetails.storyboard */; };
		D81EDD452598718000462152 /* Weather.xcdatamodeld in Sources */ = {isa = PBXBuildFile; fileRef = D81EDD432598718000462152 /* Weather.xcdatamodeld */; };
		D81EDD472598718A00462152 /* Assets.xcassets in Resources */ = {isa = PBXBuildFile; fileRef = D81EDD462598718A00462152 /* Assets.xcassets */; };
		D81EDD4A2598718A00462152 /* LaunchScreen.storyboard in Resources */ = {isa = PBXBuildFile; fileRef = D81EDD482598718A00462152 /* LaunchScreen.storyboard */; };
		D81EDD552598718A00462152 /* WeatherTests.swift in Sources */ = {isa = PBXBuildFile; fileRef = D81EDD542598718A00462152 /* WeatherTests.swift */; };
		D81EDD602598718B00462152 /* WeatherUITests.swift in Sources */ = {isa = PBXBuildFile; fileRef = D81EDD5F2598718B00462152 /* WeatherUITests.swift */; };
		D81EDD92259874F800462152 /* Network Helper.swift in Sources */ = {isa = PBXBuildFile; fileRef = D81EDD91259874F800462152 /* Network Helper.swift */; };
		D81EDDA42598768100462152 /* Constant.swift in Sources */ = {isa = PBXBuildFile; fileRef = D81EDDA32598768100462152 /* Constant.swift */; };
		D81EDDAF259878C400462152 /* OneWeatherModel.swift in Sources */ = {isa = PBXBuildFile; fileRef = D81EDDAE259878C400462152 /* OneWeatherModel.swift */; };
		D81EDDB42598799F00462152 /* WeatherDetailsViewModel.swift in Sources */ = {isa = PBXBuildFile; fileRef = D81EDDB32598799F00462152 /* WeatherDetailsViewModel.swift */; };
		D81EDDCE259887D800462152 /* TodayWeatherDetailsTableViewCell.swift in Sources */ = {isa = PBXBuildFile; fileRef = D81EDDCC259887D800462152 /* TodayWeatherDetailsTableViewCell.swift */; };
		D81EDDCF259887D800462152 /* TodayWeatherDetailsTableViewCell.xib in Resources */ = {isa = PBXBuildFile; fileRef = D81EDDCD259887D800462152 /* TodayWeatherDetailsTableViewCell.xib */; };
		D81EDDD5259887EA00462152 /* otherWeatherDetailsTableViewCell.swift in Sources */ = {isa = PBXBuildFile; fileRef = D81EDDD3259887E900462152 /* otherWeatherDetailsTableViewCell.swift */; };
		D81EDDD6259887EA00462152 /* otherWeatherDetailsTableViewCell.xib in Resources */ = {isa = PBXBuildFile; fileRef = D81EDDD4259887EA00462152 /* otherWeatherDetailsTableViewCell.xib */; };
		D81EDDDC259887F500462152 /* ForecastCollectionHolderTableViewCell.xib in Resources */ = {isa = PBXBuildFile; fileRef = D81EDDDA259887F500462152 /* ForecastCollectionHolderTableViewCell.xib */; };
		D81EDDDD259887F500462152 /* ForecastCollectionHolderTableViewCell.swift in Sources */ = {isa = PBXBuildFile; fileRef = D81EDDDB259887F500462152 /* ForecastCollectionHolderTableViewCell.swift */; };
		D81EDDF9259898C500462152 /* Enums.swift in Sources */ = {isa = PBXBuildFile; fileRef = D81EDDF8259898C500462152 /* Enums.swift */; };
		D81EDE0225989BFC00462152 /* ForecastCollectionViewCell.swift in Sources */ = {isa = PBXBuildFile; fileRef = D81EDDFE25989BFB00462152 /* ForecastCollectionViewCell.swift */; };
		D81EDE0425989BFC00462152 /* ForecastCollectionViewCell.xib in Resources */ = {isa = PBXBuildFile; fileRef = D81EDE0025989BFC00462152 /* ForecastCollectionViewCell.xib */; };
		D81EDE0E25989DB300462152 /* UIView+CornerRadius.swift in Sources */ = {isa = PBXBuildFile; fileRef = D81EDE0D25989DB300462152 /* UIView+CornerRadius.swift */; };
		D81EDE162598A05200462152 /* Ext_WeatherDetailsVC+CollectionView.swift in Sources */ = {isa = PBXBuildFile; fileRef = D81EDE152598A05200462152 /* Ext_WeatherDetailsVC+CollectionView.swift */; };
		D81EDE212598B84500462152 /* DailyForecastViewController.swift in Sources */ = {isa = PBXBuildFile; fileRef = D81EDE202598B84400462152 /* DailyForecastViewController.swift */; };
		D81EDE2C2598B86000462152 /* DailyForecast.storyboard in Resources */ = {isa = PBXBuildFile; fileRef = D81EDE2B2598B86000462152 /* DailyForecast.storyboard */; };
		D81EDE332598B9D800462152 /* DailyForecastTableViewCell.swift in Sources */ = {isa = PBXBuildFile; fileRef = D81EDE312598B9D800462152 /* DailyForecastTableViewCell.swift */; };
		D81EDE342598B9D800462152 /* DailyForecastTableViewCell.xib in Resources */ = {isa = PBXBuildFile; fileRef = D81EDE322598B9D800462152 /* DailyForecastTableViewCell.xib */; };
/* End PBXBuildFile section */

/* Begin PBXContainerItemProxy section */
		D81EDD512598718A00462152 /* PBXContainerItemProxy */ = {
			isa = PBXContainerItemProxy;
			containerPortal = D81EDD2F2598717F00462152 /* Project object */;
			proxyType = 1;
			remoteGlobalIDString = D81EDD362598717F00462152;
			remoteInfo = Weather;
		};
		D81EDD5C2598718B00462152 /* PBXContainerItemProxy */ = {
			isa = PBXContainerItemProxy;
			containerPortal = D81EDD2F2598717F00462152 /* Project object */;
			proxyType = 1;
			remoteGlobalIDString = D81EDD362598717F00462152;
			remoteInfo = Weather;
		};
/* End PBXContainerItemProxy section */

/* Begin PBXFileReference section */
		2003AFC9CBF1FF12CA833CA2 /* Pods-Weather-WeatherUITests.release.xcconfig */ = {isa = PBXFileReference; includeInIndex = 1; lastKnownFileType = text.xcconfig; name = "Pods-Weather-WeatherUITests.release.xcconfig"; path = "Target Support Files/Pods-Weather-WeatherUITests/Pods-Weather-WeatherUITests.release.xcconfig"; sourceTree = "<group>"; };
		25AF822D524FCB05EA9438AF /* Pods_Weather_WeatherUITests.framework */ = {isa = PBXFileReference; explicitFileType = wrapper.framework; includeInIndex = 0; path = Pods_Weather_WeatherUITests.framework; sourceTree = BUILT_PRODUCTS_DIR; };
		7DC36277AC0D634BFB90F2BA /* Pods-Weather.release.xcconfig */ = {isa = PBXFileReference; includeInIndex = 1; lastKnownFileType = text.xcconfig; name = "Pods-Weather.release.xcconfig"; path = "Target Support Files/Pods-Weather/Pods-Weather.release.xcconfig"; sourceTree = "<group>"; };
		9E8FD87B264AF5F630EEA211 /* Pods-Weather.debug.xcconfig */ = {isa = PBXFileReference; includeInIndex = 1; lastKnownFileType = text.xcconfig; name = "Pods-Weather.debug.xcconfig"; path = "Target Support Files/Pods-Weather/Pods-Weather.debug.xcconfig"; sourceTree = "<group>"; };
		A635E031A9432CB24044E558 /* Pods-WeatherTests.release.xcconfig */ = {isa = PBXFileReference; includeInIndex = 1; lastKnownFileType = text.xcconfig; name = "Pods-WeatherTests.release.xcconfig"; path = "Target Support Files/Pods-WeatherTests/Pods-WeatherTests.release.xcconfig"; sourceTree = "<group>"; };
		A703FE67540F339E8B570D6A /* Pods_Weather.framework */ = {isa = PBXFileReference; explicitFileType = wrapper.framework; includeInIndex = 0; path = Pods_Weather.framework; sourceTree = BUILT_PRODUCTS_DIR; };
		AEB5AA5A7416BCCCB08D95AC /* Pods-Weather-WeatherUITests.debug.xcconfig */ = {isa = PBXFileReference; includeInIndex = 1; lastKnownFileType = text.xcconfig; name = "Pods-Weather-WeatherUITests.debug.xcconfig"; path = "Target Support Files/Pods-Weather-WeatherUITests/Pods-Weather-WeatherUITests.debug.xcconfig"; sourceTree = "<group>"; };
		C45D9A5E0B96F9910F5D75AB /* Pods_WeatherTests.framework */ = {isa = PBXFileReference; explicitFileType = wrapper.framework; includeInIndex = 0; path = Pods_WeatherTests.framework; sourceTree = BUILT_PRODUCTS_DIR; };
		CAE984847A7D7FC95F33FEF6 /* Pods-WeatherTests.debug.xcconfig */ = {isa = PBXFileReference; includeInIndex = 1; lastKnownFileType = text.xcconfig; name = "Pods-WeatherTests.debug.xcconfig"; path = "Target Support Files/Pods-WeatherTests/Pods-WeatherTests.debug.xcconfig"; sourceTree = "<group>"; };
		D81EDD372598717F00462152 /* Weather.app */ = {isa = PBXFileReference; explicitFileType = wrapper.application; includeInIndex = 0; path = Weather.app; sourceTree = BUILT_PRODUCTS_DIR; };
		D81EDD3A2598717F00462152 /* AppDelegate.swift */ = {isa = PBXFileReference; lastKnownFileType = sourcecode.swift; path = AppDelegate.swift; sourceTree = "<group>"; };
		D81EDD3C2598717F00462152 /* SceneDelegate.swift */ = {isa = PBXFileReference; lastKnownFileType = sourcecode.swift; path = SceneDelegate.swift; sourceTree = "<group>"; };
		D81EDD3E2598717F00462152 /* WeatherDetailsViewController.swift */ = {isa = PBXFileReference; lastKnownFileType = sourcecode.swift; path = WeatherDetailsViewController.swift; sourceTree = "<group>"; };
		D81EDD412598718000462152 /* Base */ = {isa = PBXFileReference; lastKnownFileType = file.storyboard; name = Base; path = Base.lproj/WeatherDetails.storyboard; sourceTree = "<group>"; };
		D81EDD442598718000462152 /* Weather.xcdatamodel */ = {isa = PBXFileReference; lastKnownFileType = wrapper.xcdatamodel; path = Weather.xcdatamodel; sourceTree = "<group>"; };
		D81EDD462598718A00462152 /* Assets.xcassets */ = {isa = PBXFileReference; lastKnownFileType = folder.assetcatalog; path = Assets.xcassets; sourceTree = "<group>"; };
		D81EDD492598718A00462152 /* Base */ = {isa = PBXFileReference; lastKnownFileType = file.storyboard; name = Base; path = Base.lproj/LaunchScreen.storyboard; sourceTree = "<group>"; };
		D81EDD4B2598718A00462152 /* Info.plist */ = {isa = PBXFileReference; lastKnownFileType = text.plist.xml; path = Info.plist; sourceTree = "<group>"; };
		D81EDD502598718A00462152 /* WeatherTests.xctest */ = {isa = PBXFileReference; explicitFileType = wrapper.cfbundle; includeInIndex = 0; path = WeatherTests.xctest; sourceTree = BUILT_PRODUCTS_DIR; };
		D81EDD542598718A00462152 /* WeatherTests.swift */ = {isa = PBXFileReference; lastKnownFileType = sourcecode.swift; path = WeatherTests.swift; sourceTree = "<group>"; };
		D81EDD562598718A00462152 /* Info.plist */ = {isa = PBXFileReference; lastKnownFileType = text.plist.xml; path = Info.plist; sourceTree = "<group>"; };
		D81EDD5B2598718B00462152 /* WeatherUITests.xctest */ = {isa = PBXFileReference; explicitFileType = wrapper.cfbundle; includeInIndex = 0; path = WeatherUITests.xctest; sourceTree = BUILT_PRODUCTS_DIR; };
		D81EDD5F2598718B00462152 /* WeatherUITests.swift */ = {isa = PBXFileReference; lastKnownFileType = sourcecode.swift; path = WeatherUITests.swift; sourceTree = "<group>"; };
		D81EDD612598718B00462152 /* Info.plist */ = {isa = PBXFileReference; lastKnownFileType = text.plist.xml; path = Info.plist; sourceTree = "<group>"; };
		D81EDD91259874F800462152 /* Network Helper.swift */ = {isa = PBXFileReference; lastKnownFileType = sourcecode.swift; path = "Network Helper.swift"; sourceTree = "<group>"; };
		D81EDDA32598768100462152 /* Constant.swift */ = {isa = PBXFileReference; lastKnownFileType = sourcecode.swift; path = Constant.swift; sourceTree = "<group>"; };
		D81EDDAE259878C400462152 /* OneWeatherModel.swift */ = {isa = PBXFileReference; lastKnownFileType = sourcecode.swift; path = OneWeatherModel.swift; sourceTree = "<group>"; };
		D81EDDB32598799F00462152 /* WeatherDetailsViewModel.swift */ = {isa = PBXFileReference; lastKnownFileType = sourcecode.swift; path = WeatherDetailsViewModel.swift; sourceTree = "<group>"; };
		D81EDDCC259887D800462152 /* TodayWeatherDetailsTableViewCell.swift */ = {isa = PBXFileReference; fileEncoding = 4; lastKnownFileType = sourcecode.swift; path = TodayWeatherDetailsTableViewCell.swift; sourceTree = "<group>"; };
		D81EDDCD259887D800462152 /* TodayWeatherDetailsTableViewCell.xib */ = {isa = PBXFileReference; fileEncoding = 4; lastKnownFileType = file.xib; path = TodayWeatherDetailsTableViewCell.xib; sourceTree = "<group>"; };
		D81EDDD3259887E900462152 /* otherWeatherDetailsTableViewCell.swift */ = {isa = PBXFileReference; fileEncoding = 4; lastKnownFileType = sourcecode.swift; path = otherWeatherDetailsTableViewCell.swift; sourceTree = "<group>"; };
		D81EDDD4259887EA00462152 /* otherWeatherDetailsTableViewCell.xib */ = {isa = PBXFileReference; fileEncoding = 4; lastKnownFileType = file.xib; path = otherWeatherDetailsTableViewCell.xib; sourceTree = "<group>"; };
		D81EDDDA259887F500462152 /* ForecastCollectionHolderTableViewCell.xib */ = {isa = PBXFileReference; fileEncoding = 4; lastKnownFileType = file.xib; path = ForecastCollectionHolderTableViewCell.xib; sourceTree = "<group>"; };
		D81EDDDB259887F500462152 /* ForecastCollectionHolderTableViewCell.swift */ = {isa = PBXFileReference; fileEncoding = 4; lastKnownFileType = sourcecode.swift; path = ForecastCollectionHolderTableViewCell.swift; sourceTree = "<group>"; };
		D81EDDF8259898C500462152 /* Enums.swift */ = {isa = PBXFileReference; lastKnownFileType = sourcecode.swift; path = Enums.swift; sourceTree = "<group>"; };
		D81EDDFE25989BFB00462152 /* ForecastCollectionViewCell.swift */ = {isa = PBXFileReference; fileEncoding = 4; lastKnownFileType = sourcecode.swift; path = ForecastCollectionViewCell.swift; sourceTree = "<group>"; };
		D81EDE0025989BFC00462152 /* ForecastCollectionViewCell.xib */ = {isa = PBXFileReference; fileEncoding = 4; lastKnownFileType = file.xib; path = ForecastCollectionViewCell.xib; sourceTree = "<group>"; };
		D81EDE0D25989DB300462152 /* UIView+CornerRadius.swift */ = {isa = PBXFileReference; lastKnownFileType = sourcecode.swift; path = "UIView+CornerRadius.swift"; sourceTree = "<group>"; };
		D81EDE152598A05200462152 /* Ext_WeatherDetailsVC+CollectionView.swift */ = {isa = PBXFileReference; lastKnownFileType = sourcecode.swift; path = "Ext_WeatherDetailsVC+CollectionView.swift"; sourceTree = "<group>"; };
		D81EDE202598B84400462152 /* DailyForecastViewController.swift */ = {isa = PBXFileReference; lastKnownFileType = sourcecode.swift; path = DailyForecastViewController.swift; sourceTree = "<group>"; };
		D81EDE2B2598B86000462152 /* DailyForecast.storyboard */ = {isa = PBXFileReference; lastKnownFileType = file.storyboard; path = DailyForecast.storyboard; sourceTree = "<group>"; };
		D81EDE312598B9D800462152 /* DailyForecastTableViewCell.swift */ = {isa = PBXFileReference; lastKnownFileType = sourcecode.swift; path = DailyForecastTableViewCell.swift; sourceTree = "<group>"; };
		D81EDE322598B9D800462152 /* DailyForecastTableViewCell.xib */ = {isa = PBXFileReference; lastKnownFileType = file.xib; path = DailyForecastTableViewCell.xib; sourceTree = "<group>"; };
/* End PBXFileReference section */

/* Begin PBXFrameworksBuildPhase section */
		D81EDD342598717F00462152 /* Frameworks */ = {
			isa = PBXFrameworksBuildPhase;
			buildActionMask = 2147483647;
			files = (
				4C657A9C807E410BCB44FD27 /* Pods_Weather.framework in Frameworks */,
			);
			runOnlyForDeploymentPostprocessing = 0;
		};
		D81EDD4D2598718A00462152 /* Frameworks */ = {
			isa = PBXFrameworksBuildPhase;
			buildActionMask = 2147483647;
			files = (
				AFFDD123F8CE321537ACAE1F /* Pods_WeatherTests.framework in Frameworks */,
			);
			runOnlyForDeploymentPostprocessing = 0;
		};
		D81EDD582598718B00462152 /* Frameworks */ = {
			isa = PBXFrameworksBuildPhase;
			buildActionMask = 2147483647;
			files = (
				7AEB05BB8989FDC18037013B /* Pods_Weather_WeatherUITests.framework in Frameworks */,
			);
			runOnlyForDeploymentPostprocessing = 0;
		};
/* End PBXFrameworksBuildPhase section */

/* Begin PBXGroup section */
		5B75098D6BBC7D396CEF04D3 /* Pods */ = {
			isa = PBXGroup;
			children = (
				9E8FD87B264AF5F630EEA211 /* Pods-Weather.debug.xcconfig */,
				7DC36277AC0D634BFB90F2BA /* Pods-Weather.release.xcconfig */,
				AEB5AA5A7416BCCCB08D95AC /* Pods-Weather-WeatherUITests.debug.xcconfig */,
				2003AFC9CBF1FF12CA833CA2 /* Pods-Weather-WeatherUITests.release.xcconfig */,
				CAE984847A7D7FC95F33FEF6 /* Pods-WeatherTests.debug.xcconfig */,
				A635E031A9432CB24044E558 /* Pods-WeatherTests.release.xcconfig */,
			);
			path = Pods;
			sourceTree = "<group>";
		};
		D81EDD2E2598717F00462152 = {
			isa = PBXGroup;
			children = (
				D81EDD392598717F00462152 /* Weather */,
				D81EDD532598718A00462152 /* WeatherTests */,
				D81EDD5E2598718B00462152 /* WeatherUITests */,
				D81EDD382598717F00462152 /* Products */,
				5B75098D6BBC7D396CEF04D3 /* Pods */,
				DE42E96F1B8F67032A6BE25F /* Frameworks */,
			);
			sourceTree = "<group>";
		};
		D81EDD382598717F00462152 /* Products */ = {
			isa = PBXGroup;
			children = (
				D81EDD372598717F00462152 /* Weather.app */,
				D81EDD502598718A00462152 /* WeatherTests.xctest */,
				D81EDD5B2598718B00462152 /* WeatherUITests.xctest */,
			);
			name = Products;
			sourceTree = "<group>";
		};
		D81EDD392598717F00462152 /* Weather */ = {
			isa = PBXGroup;
			children = (
				D81EDD7D2598724100462152 /* App Delegates */,
				D81EDD752598722E00462152 /* Assests */,
				D81EDD742598722400462152 /* Shared */,
				D81EDD732598721900462152 /* UIControlls */,
				D81EDD762598723800462152 /* DataBase */,
				D81EDD482598718A00462152 /* LaunchScreen.storyboard */,
				D81EDD4B2598718A00462152 /* Info.plist */,
			);
			path = Weather;
			sourceTree = "<group>";
		};
		D81EDD532598718A00462152 /* WeatherTests */ = {
			isa = PBXGroup;
			children = (
				D81EDD542598718A00462152 /* WeatherTests.swift */,
				D81EDD562598718A00462152 /* Info.plist */,
			);
			path = WeatherTests;
			sourceTree = "<group>";
		};
		D81EDD5E2598718B00462152 /* WeatherUITests */ = {
			isa = PBXGroup;
			children = (
				D81EDD5F2598718B00462152 /* WeatherUITests.swift */,
				D81EDD612598718B00462152 /* Info.plist */,
			);
			path = WeatherUITests;
			sourceTree = "<group>";
		};
		D81EDD732598721900462152 /* UIControlls */ = {
			isa = PBXGroup;
			children = (
				D81EDD8A2598732A00462152 /* Today Weather */,
				D81EDE1A2598B7D100462152 /* Daily Forecast */,
			);
			path = UIControlls;
			sourceTree = "<group>";
		};
		D81EDD742598722400462152 /* Shared */ = {
			isa = PBXGroup;
			children = (
				D81EDDA22598766F00462152 /* Constant */,
				D81EDD90259874D500462152 /* Network Helper */,
				D81EDDF6259898AF00462152 /* Enum */,
				D81EDDB8259883E000462152 /* Extensions */,
			);
			path = Shared;
			sourceTree = "<group>";
		};
		D81EDD752598722E00462152 /* Assests */ = {
			isa = PBXGroup;
			children = (
				D81EDD462598718A00462152 /* Assets.xcassets */,
			);
			path = Assests;
			sourceTree = "<group>";
		};
		D81EDD762598723800462152 /* DataBase */ = {
			isa = PBXGroup;
			children = (
				D81EDD432598718000462152 /* Weather.xcdatamodeld */,
			);
			path = DataBase;
			sourceTree = "<group>";
		};
		D81EDD7D2598724100462152 /* App Delegates */ = {
			isa = PBXGroup;
			children = (
				D81EDD3A2598717F00462152 /* AppDelegate.swift */,
				D81EDD3C2598717F00462152 /* SceneDelegate.swift */,
			);
			path = "App Delegates";
			sourceTree = "<group>";
		};
		D81EDD8A2598732A00462152 /* Today Weather */ = {
			isa = PBXGroup;
			children = (
				D81EDD8E2598734F00462152 /* Models */,
				D81EDD8D2598734800462152 /* Views */,
				D81EDD8C2598734000462152 /* ViewModels */,
				D81EDD8B2598733300462152 /* Controllers */,
				D81EDD8F2598736A00462152 /* Boards */,
			);
			path = "Today Weather";
			sourceTree = "<group>";
		};
		D81EDD8B2598733300462152 /* Controllers */ = {
			isa = PBXGroup;
			children = (
				D81EDD3E2598717F00462152 /* WeatherDetailsViewController.swift */,
				D81EDE152598A05200462152 /* Ext_WeatherDetailsVC+CollectionView.swift */,
			);
			path = Controllers;
			sourceTree = "<group>";
		};
		D81EDD8C2598734000462152 /* ViewModels */ = {
			isa = PBXGroup;
			children = (
				D81EDDB32598799F00462152 /* WeatherDetailsViewModel.swift */,
			);
			path = ViewModels;
			sourceTree = "<group>";
		};
		D81EDD8D2598734800462152 /* Views */ = {
			isa = PBXGroup;
			children = (
				D81EDDC72598874100462152 /* TableView Cells */,
				D81EDDC82598874D00462152 /* CollectionView Cells */,
			);
			path = Views;
			sourceTree = "<group>";
		};
		D81EDD8E2598734F00462152 /* Models */ = {
			isa = PBXGroup;
			children = (
				D81EDDAE259878C400462152 /* OneWeatherModel.swift */,
			);
			path = Models;
			sourceTree = "<group>";
		};
		D81EDD8F2598736A00462152 /* Boards */ = {
			isa = PBXGroup;
			children = (
				D81EDD402598718000462152 /* WeatherDetails.storyboard */,
			);
			path = Boards;
			sourceTree = "<group>";
		};
		D81EDD90259874D500462152 /* Network Helper */ = {
			isa = PBXGroup;
			children = (
				D81EDD91259874F800462152 /* Network Helper.swift */,
			);
			path = "Network Helper";
			sourceTree = "<group>";
		};
		D81EDDA22598766F00462152 /* Constant */ = {
			isa = PBXGroup;
			children = (
				D81EDDA32598768100462152 /* Constant.swift */,
			);
			path = Constant;
			sourceTree = "<group>";
		};
		D81EDDB8259883E000462152 /* Extensions */ = {
			isa = PBXGroup;
			children = (
				D81EDE0D25989DB300462152 /* UIView+CornerRadius.swift */,
			);
			path = Extensions;
			sourceTree = "<group>";
		};
		D81EDDC72598874100462152 /* TableView Cells */ = {
			isa = PBXGroup;
			children = (
				D81EDDC92598876100462152 /* TodayWeatherDetailsCell */,
				D81EDDCA2598877F00462152 /* OtheWeatheDetailsCell */,
				D81EDDCB2598879D00462152 /* ForeCastHolderCell */,
			);
			path = "TableView Cells";
			sourceTree = "<group>";
		};
		D81EDDC82598874D00462152 /* CollectionView Cells */ = {
			isa = PBXGroup;
			children = (
				D81EDE0925989C1A00462152 /* HourForecast Cell */,
			);
			path = "CollectionView Cells";
			sourceTree = "<group>";
		};
		D81EDDC92598876100462152 /* TodayWeatherDetailsCell */ = {
			isa = PBXGroup;
			children = (
				D81EDDCC259887D800462152 /* TodayWeatherDetailsTableViewCell.swift */,
				D81EDDCD259887D800462152 /* TodayWeatherDetailsTableViewCell.xib */,
			);
			path = TodayWeatherDetailsCell;
			sourceTree = "<group>";
		};
		D81EDDCA2598877F00462152 /* OtheWeatheDetailsCell */ = {
			isa = PBXGroup;
			children = (
				D81EDDD3259887E900462152 /* otherWeatherDetailsTableViewCell.swift */,
				D81EDDD4259887EA00462152 /* otherWeatherDetailsTableViewCell.xib */,
			);
			path = OtheWeatheDetailsCell;
			sourceTree = "<group>";
		};
		D81EDDCB2598879D00462152 /* ForeCastHolderCell */ = {
			isa = PBXGroup;
			children = (
				D81EDDDB259887F500462152 /* ForecastCollectionHolderTableViewCell.swift */,
				D81EDDDA259887F500462152 /* ForecastCollectionHolderTableViewCell.xib */,
			);
			path = ForeCastHolderCell;
			sourceTree = "<group>";
		};
		D81EDDF6259898AF00462152 /* Enum */ = {
			isa = PBXGroup;
			children = (
				D81EDDF8259898C500462152 /* Enums.swift */,
			);
			path = Enum;
			sourceTree = "<group>";
		};
		D81EDE0925989C1A00462152 /* HourForecast Cell */ = {
			isa = PBXGroup;
			children = (
				D81EDDFE25989BFB00462152 /* ForecastCollectionViewCell.swift */,
				D81EDE0025989BFC00462152 /* ForecastCollectionViewCell.xib */,
			);
			path = "HourForecast Cell";
			sourceTree = "<group>";
		};
		D81EDE1A2598B7D100462152 /* Daily Forecast */ = {
			isa = PBXGroup;
			children = (
				D81EDE1F2598B81500462152 /* Models */,
				D81EDE1E2598B81100462152 /* View */,
				D81EDE1D2598B80B00462152 /* ViewModels */,
				D81EDE1B2598B7EB00462152 /* Controllers */,
				D81EDE1C2598B7FF00462152 /* Board */,
			);
			path = "Daily Forecast";
			sourceTree = "<group>";
		};
		D81EDE1B2598B7EB00462152 /* Controllers */ = {
			isa = PBXGroup;
			children = (
				D81EDE202598B84400462152 /* DailyForecastViewController.swift */,
			);
			path = Controllers;
			sourceTree = "<group>";
		};
		D81EDE1C2598B7FF00462152 /* Board */ = {
			isa = PBXGroup;
			children = (
				D81EDE2B2598B86000462152 /* DailyForecast.storyboard */,
			);
			path = Board;
			sourceTree = "<group>";
		};
		D81EDE1D2598B80B00462152 /* ViewModels */ = {
			isa = PBXGroup;
			children = (
			);
			path = ViewModels;
			sourceTree = "<group>";
		};
		D81EDE1E2598B81100462152 /* View */ = {
			isa = PBXGroup;
			children = (
				D81EDE302598B9BC00462152 /* TableCells */,
			);
			path = View;
			sourceTree = "<group>";
		};
		D81EDE1F2598B81500462152 /* Models */ = {
			isa = PBXGroup;
			children = (
			);
			path = Models;
			sourceTree = "<group>";
		};
		D81EDE302598B9BC00462152 /* TableCells */ = {
			isa = PBXGroup;
			children = (
				D81EDE312598B9D800462152 /* DailyForecastTableViewCell.swift */,
				D81EDE322598B9D800462152 /* DailyForecastTableViewCell.xib */,
			);
			path = TableCells;
			sourceTree = "<group>";
		};
		DE42E96F1B8F67032A6BE25F /* Frameworks */ = {
			isa = PBXGroup;
			children = (
				A703FE67540F339E8B570D6A /* Pods_Weather.framework */,
				25AF822D524FCB05EA9438AF /* Pods_Weather_WeatherUITests.framework */,
				C45D9A5E0B96F9910F5D75AB /* Pods_WeatherTests.framework */,
			);
			name = Frameworks;
			sourceTree = "<group>";
		};
/* End PBXGroup section */

/* Begin PBXNativeTarget section */
		D81EDD362598717F00462152 /* Weather */ = {
			isa = PBXNativeTarget;
			buildConfigurationList = D81EDD642598718B00462152 /* Build configuration list for PBXNativeTarget "Weather" */;
			buildPhases = (
				0F896C33AE17980CCD8807C2 /* [CP] Check Pods Manifest.lock */,
				D81EDD332598717F00462152 /* Sources */,
				D81EDD342598717F00462152 /* Frameworks */,
				D81EDD352598717F00462152 /* Resources */,
			);
			buildRules = (
			);
			dependencies = (
			);
			name = Weather;
			productName = Weather;
			productReference = D81EDD372598717F00462152 /* Weather.app */;
			productType = "com.apple.product-type.application";
		};
		D81EDD4F2598718A00462152 /* WeatherTests */ = {
			isa = PBXNativeTarget;
			buildConfigurationList = D81EDD672598718B00462152 /* Build configuration list for PBXNativeTarget "WeatherTests" */;
			buildPhases = (
				A0CCBCD5EF959C3C2DCD6056 /* [CP] Check Pods Manifest.lock */,
				D81EDD4C2598718A00462152 /* Sources */,
				D81EDD4D2598718A00462152 /* Frameworks */,
				D81EDD4E2598718A00462152 /* Resources */,
			);
			buildRules = (
			);
			dependencies = (
				D81EDD522598718A00462152 /* PBXTargetDependency */,
			);
			name = WeatherTests;
			productName = WeatherTests;
			productReference = D81EDD502598718A00462152 /* WeatherTests.xctest */;
			productType = "com.apple.product-type.bundle.unit-test";
		};
		D81EDD5A2598718B00462152 /* WeatherUITests */ = {
			isa = PBXNativeTarget;
			buildConfigurationList = D81EDD6A2598718B00462152 /* Build configuration list for PBXNativeTarget "WeatherUITests" */;
			buildPhases = (
				EAE42A01C2FB05243637FDA4 /* [CP] Check Pods Manifest.lock */,
				D81EDD572598718B00462152 /* Sources */,
				D81EDD582598718B00462152 /* Frameworks */,
				D81EDD592598718B00462152 /* Resources */,
			);
			buildRules = (
			);
			dependencies = (
				D81EDD5D2598718B00462152 /* PBXTargetDependency */,
			);
			name = WeatherUITests;
			productName = WeatherUITests;
			productReference = D81EDD5B2598718B00462152 /* WeatherUITests.xctest */;
			productType = "com.apple.product-type.bundle.ui-testing";
		};
/* End PBXNativeTarget section */

/* Begin PBXProject section */
		D81EDD2F2598717F00462152 /* Project object */ = {
			isa = PBXProject;
			attributes = {
				LastSwiftUpdateCheck = 1220;
				LastUpgradeCheck = 1220;
				TargetAttributes = {
					D81EDD362598717F00462152 = {
						CreatedOnToolsVersion = 12.2;
					};
					D81EDD4F2598718A00462152 = {
						CreatedOnToolsVersion = 12.2;
						TestTargetID = D81EDD362598717F00462152;
					};
					D81EDD5A2598718B00462152 = {
						CreatedOnToolsVersion = 12.2;
						TestTargetID = D81EDD362598717F00462152;
					};
				};
			};
			buildConfigurationList = D81EDD322598717F00462152 /* Build configuration list for PBXProject "Weather" */;
			compatibilityVersion = "Xcode 9.3";
			developmentRegion = en;
			hasScannedForEncodings = 0;
			knownRegions = (
				en,
				Base,
			);
			mainGroup = D81EDD2E2598717F00462152;
			productRefGroup = D81EDD382598717F00462152 /* Products */;
			projectDirPath = "";
			projectRoot = "";
			targets = (
				D81EDD362598717F00462152 /* Weather */,
				D81EDD4F2598718A00462152 /* WeatherTests */,
				D81EDD5A2598718B00462152 /* WeatherUITests */,
			);
		};
/* End PBXProject section */

/* Begin PBXResourcesBuildPhase section */
		D81EDD352598717F00462152 /* Resources */ = {
			isa = PBXResourcesBuildPhase;
			buildActionMask = 2147483647;
			files = (
				D81EDD4A2598718A00462152 /* LaunchScreen.storyboard in Resources */,
				D81EDD472598718A00462152 /* Assets.xcassets in Resources */,
				D81EDE2C2598B86000462152 /* DailyForecast.storyboard in Resources */,
				D81EDDD6259887EA00462152 /* otherWeatherDetailsTableViewCell.xib in Resources */,
				D81EDD422598718000462152 /* WeatherDetails.storyboard in Resources */,
				D81EDE342598B9D800462152 /* DailyForecastTableViewCell.xib in Resources */,
				D81EDE0425989BFC00462152 /* ForecastCollectionViewCell.xib in Resources */,
				D81EDDDC259887F500462152 /* ForecastCollectionHolderTableViewCell.xib in Resources */,
				D81EDDCF259887D800462152 /* TodayWeatherDetailsTableViewCell.xib in Resources */,
			);
			runOnlyForDeploymentPostprocessing = 0;
		};
		D81EDD4E2598718A00462152 /* Resources */ = {
			isa = PBXResourcesBuildPhase;
			buildActionMask = 2147483647;
			files = (
			);
			runOnlyForDeploymentPostprocessing = 0;
		};
		D81EDD592598718B00462152 /* Resources */ = {
			isa = PBXResourcesBuildPhase;
			buildActionMask = 2147483647;
			files = (
			);
			runOnlyForDeploymentPostprocessing = 0;
		};
/* End PBXResourcesBuildPhase section */

/* Begin PBXShellScriptBuildPhase section */
		0F896C33AE17980CCD8807C2 /* [CP] Check Pods Manifest.lock */ = {
			isa = PBXShellScriptBuildPhase;
			buildActionMask = 2147483647;
			files = (
			);
			inputFileListPaths = (
			);
			inputPaths = (
				"${PODS_PODFILE_DIR_PATH}/Podfile.lock",
				"${PODS_ROOT}/Manifest.lock",
			);
			name = "[CP] Check Pods Manifest.lock";
			outputFileListPaths = (
			);
			outputPaths = (
				"$(DERIVED_FILE_DIR)/Pods-Weather-checkManifestLockResult.txt",
			);
			runOnlyForDeploymentPostprocessing = 0;
			shellPath = /bin/sh;
			shellScript = "diff \"${PODS_PODFILE_DIR_PATH}/Podfile.lock\" \"${PODS_ROOT}/Manifest.lock\" > /dev/null\nif [ $? != 0 ] ; then\n    # print error to STDERR\n    echo \"error: The sandbox is not in sync with the Podfile.lock. Run 'pod install' or update your CocoaPods installation.\" >&2\n    exit 1\nfi\n# This output is used by Xcode 'outputs' to avoid re-running this script phase.\necho \"SUCCESS\" > \"${SCRIPT_OUTPUT_FILE_0}\"\n";
			showEnvVarsInLog = 0;
		};
		A0CCBCD5EF959C3C2DCD6056 /* [CP] Check Pods Manifest.lock */ = {
			isa = PBXShellScriptBuildPhase;
			buildActionMask = 2147483647;
			files = (
			);
			inputFileListPaths = (
			);
			inputPaths = (
				"${PODS_PODFILE_DIR_PATH}/Podfile.lock",
				"${PODS_ROOT}/Manifest.lock",
			);
			name = "[CP] Check Pods Manifest.lock";
			outputFileListPaths = (
			);
			outputPaths = (
				"$(DERIVED_FILE_DIR)/Pods-WeatherTests-checkManifestLockResult.txt",
			);
			runOnlyForDeploymentPostprocessing = 0;
			shellPath = /bin/sh;
			shellScript = "diff \"${PODS_PODFILE_DIR_PATH}/Podfile.lock\" \"${PODS_ROOT}/Manifest.lock\" > /dev/null\nif [ $? != 0 ] ; then\n    # print error to STDERR\n    echo \"error: The sandbox is not in sync with the Podfile.lock. Run 'pod install' or update your CocoaPods installation.\" >&2\n    exit 1\nfi\n# This output is used by Xcode 'outputs' to avoid re-running this script phase.\necho \"SUCCESS\" > \"${SCRIPT_OUTPUT_FILE_0}\"\n";
			showEnvVarsInLog = 0;
		};
		EAE42A01C2FB05243637FDA4 /* [CP] Check Pods Manifest.lock */ = {
			isa = PBXShellScriptBuildPhase;
			buildActionMask = 2147483647;
			files = (
			);
			inputFileListPaths = (
			);
			inputPaths = (
				"${PODS_PODFILE_DIR_PATH}/Podfile.lock",
				"${PODS_ROOT}/Manifest.lock",
			);
			name = "[CP] Check Pods Manifest.lock";
			outputFileListPaths = (
			);
			outputPaths = (
				"$(DERIVED_FILE_DIR)/Pods-Weather-WeatherUITests-checkManifestLockResult.txt",
			);
			runOnlyForDeploymentPostprocessing = 0;
			shellPath = /bin/sh;
			shellScript = "diff \"${PODS_PODFILE_DIR_PATH}/Podfile.lock\" \"${PODS_ROOT}/Manifest.lock\" > /dev/null\nif [ $? != 0 ] ; then\n    # print error to STDERR\n    echo \"error: The sandbox is not in sync with the Podfile.lock. Run 'pod install' or update your CocoaPods installation.\" >&2\n    exit 1\nfi\n# This output is used by Xcode 'outputs' to avoid re-running this script phase.\necho \"SUCCESS\" > \"${SCRIPT_OUTPUT_FILE_0}\"\n";
			showEnvVarsInLog = 0;
		};
/* End PBXShellScriptBuildPhase section */

/* Begin PBXSourcesBuildPhase section */
		D81EDD332598717F00462152 /* Sources */ = {
			isa = PBXSourcesBuildPhase;
			buildActionMask = 2147483647;
			files = (
				D81EDD92259874F800462152 /* Network Helper.swift in Sources */,
				D81EDDA42598768100462152 /* Constant.swift in Sources */,
				D81EDE332598B9D800462152 /* DailyForecastTableViewCell.swift in Sources */,
				D81EDDB42598799F00462152 /* WeatherDetailsViewModel.swift in Sources */,
				D81EDDDD259887F500462152 /* ForecastCollectionHolderTableViewCell.swift in Sources */,
				D81EDD452598718000462152 /* Weather.xcdatamodeld in Sources */,
				D81EDE162598A05200462152 /* Ext_WeatherDetailsVC+CollectionView.swift in Sources */,
				D81EDD3F2598717F00462152 /* WeatherDetailsViewController.swift in Sources */,
				D81EDDF9259898C500462152 /* Enums.swift in Sources */,
				D81EDE212598B84500462152 /* DailyForecastViewController.swift in Sources */,
				D81EDE0225989BFC00462152 /* ForecastCollectionViewCell.swift in Sources */,
				D81EDE0E25989DB300462152 /* UIView+CornerRadius.swift in Sources */,
				D81EDDCE259887D800462152 /* TodayWeatherDetailsTableViewCell.swift in Sources */,
				D81EDDAF259878C400462152 /* OneWeatherModel.swift in Sources */,
				D81EDD3B2598717F00462152 /* AppDelegate.swift in Sources */,
				D81EDDD5259887EA00462152 /* otherWeatherDetailsTableViewCell.swift in Sources */,
				D81EDD3D2598717F00462152 /* SceneDelegate.swift in Sources */,
			);
			runOnlyForDeploymentPostprocessing = 0;
		};
		D81EDD4C2598718A00462152 /* Sources */ = {
			isa = PBXSourcesBuildPhase;
			buildActionMask = 2147483647;
			files = (
				D81EDD552598718A00462152 /* WeatherTests.swift in Sources */,
			);
			runOnlyForDeploymentPostprocessing = 0;
		};
		D81EDD572598718B00462152 /* Sources */ = {
			isa = PBXSourcesBuildPhase;
			buildActionMask = 2147483647;
			files = (
				D81EDD602598718B00462152 /* WeatherUITests.swift in Sources */,
			);
			runOnlyForDeploymentPostprocessing = 0;
		};
/* End PBXSourcesBuildPhase section */

/* Begin PBXTargetDependency section */
		D81EDD522598718A00462152 /* PBXTargetDependency */ = {
			isa = PBXTargetDependency;
			target = D81EDD362598717F00462152 /* Weather */;
			targetProxy = D81EDD512598718A00462152 /* PBXContainerItemProxy */;
		};
		D81EDD5D2598718B00462152 /* PBXTargetDependency */ = {
			isa = PBXTargetDependency;
			target = D81EDD362598717F00462152 /* Weather */;
			targetProxy = D81EDD5C2598718B00462152 /* PBXContainerItemProxy */;
		};
/* End PBXTargetDependency section */

/* Begin PBXVariantGroup section */
		D81EDD402598718000462152 /* WeatherDetails.storyboard */ = {
			isa = PBXVariantGroup;
			children = (
				D81EDD412598718000462152 /* Base */,
			);
			name = WeatherDetails.storyboard;
			sourceTree = "<group>";
		};
		D81EDD482598718A00462152 /* LaunchScreen.storyboard */ = {
			isa = PBXVariantGroup;
			children = (
				D81EDD492598718A00462152 /* Base */,
			);
			name = LaunchScreen.storyboard;
			sourceTree = "<group>";
		};
/* End PBXVariantGroup section */

/* Begin XCBuildConfiguration section */
		D81EDD622598718B00462152 /* Debug */ = {
			isa = XCBuildConfiguration;
			buildSettings = {
				ALWAYS_SEARCH_USER_PATHS = NO;
				CLANG_ANALYZER_NONNULL = YES;
				CLANG_ANALYZER_NUMBER_OBJECT_CONVERSION = YES_AGGRESSIVE;
				CLANG_CXX_LANGUAGE_STANDARD = "gnu++14";
				CLANG_CXX_LIBRARY = "libc++";
				CLANG_ENABLE_MODULES = YES;
				CLANG_ENABLE_OBJC_ARC = YES;
				CLANG_ENABLE_OBJC_WEAK = YES;
				CLANG_WARN_BLOCK_CAPTURE_AUTORELEASING = YES;
				CLANG_WARN_BOOL_CONVERSION = YES;
				CLANG_WARN_COMMA = YES;
				CLANG_WARN_CONSTANT_CONVERSION = YES;
				CLANG_WARN_DEPRECATED_OBJC_IMPLEMENTATIONS = YES;
				CLANG_WARN_DIRECT_OBJC_ISA_USAGE = YES_ERROR;
				CLANG_WARN_DOCUMENTATION_COMMENTS = YES;
				CLANG_WARN_EMPTY_BODY = YES;
				CLANG_WARN_ENUM_CONVERSION = YES;
				CLANG_WARN_INFINITE_RECURSION = YES;
				CLANG_WARN_INT_CONVERSION = YES;
				CLANG_WARN_NON_LITERAL_NULL_CONVERSION = YES;
				CLANG_WARN_OBJC_IMPLICIT_RETAIN_SELF = YES;
				CLANG_WARN_OBJC_LITERAL_CONVERSION = YES;
				CLANG_WARN_OBJC_ROOT_CLASS = YES_ERROR;
				CLANG_WARN_QUOTED_INCLUDE_IN_FRAMEWORK_HEADER = YES;
				CLANG_WARN_RANGE_LOOP_ANALYSIS = YES;
				CLANG_WARN_STRICT_PROTOTYPES = YES;
				CLANG_WARN_SUSPICIOUS_MOVE = YES;
				CLANG_WARN_UNGUARDED_AVAILABILITY = YES_AGGRESSIVE;
				CLANG_WARN_UNREACHABLE_CODE = YES;
				CLANG_WARN__DUPLICATE_METHOD_MATCH = YES;
				COPY_PHASE_STRIP = NO;
				DEBUG_INFORMATION_FORMAT = dwarf;
				ENABLE_STRICT_OBJC_MSGSEND = YES;
				ENABLE_TESTABILITY = YES;
				GCC_C_LANGUAGE_STANDARD = gnu11;
				GCC_DYNAMIC_NO_PIC = NO;
				GCC_NO_COMMON_BLOCKS = YES;
				GCC_OPTIMIZATION_LEVEL = 0;
				GCC_PREPROCESSOR_DEFINITIONS = (
					"DEBUG=1",
					"$(inherited)",
				);
				GCC_WARN_64_TO_32_BIT_CONVERSION = YES;
				GCC_WARN_ABOUT_RETURN_TYPE = YES_ERROR;
				GCC_WARN_UNDECLARED_SELECTOR = YES;
				GCC_WARN_UNINITIALIZED_AUTOS = YES_AGGRESSIVE;
				GCC_WARN_UNUSED_FUNCTION = YES;
				GCC_WARN_UNUSED_VARIABLE = YES;
				IPHONEOS_DEPLOYMENT_TARGET = 14.2;
				MTL_ENABLE_DEBUG_INFO = INCLUDE_SOURCE;
				MTL_FAST_MATH = YES;
				ONLY_ACTIVE_ARCH = YES;
				SDKROOT = iphoneos;
				SWIFT_ACTIVE_COMPILATION_CONDITIONS = DEBUG;
				SWIFT_OPTIMIZATION_LEVEL = "-Onone";
			};
			name = Debug;
		};
		D81EDD632598718B00462152 /* Release */ = {
			isa = XCBuildConfiguration;
			buildSettings = {
				ALWAYS_SEARCH_USER_PATHS = NO;
				CLANG_ANALYZER_NONNULL = YES;
				CLANG_ANALYZER_NUMBER_OBJECT_CONVERSION = YES_AGGRESSIVE;
				CLANG_CXX_LANGUAGE_STANDARD = "gnu++14";
				CLANG_CXX_LIBRARY = "libc++";
				CLANG_ENABLE_MODULES = YES;
				CLANG_ENABLE_OBJC_ARC = YES;
				CLANG_ENABLE_OBJC_WEAK = YES;
				CLANG_WARN_BLOCK_CAPTURE_AUTORELEASING = YES;
				CLANG_WARN_BOOL_CONVERSION = YES;
				CLANG_WARN_COMMA = YES;
				CLANG_WARN_CONSTANT_CONVERSION = YES;
				CLANG_WARN_DEPRECATED_OBJC_IMPLEMENTATIONS = YES;
				CLANG_WARN_DIRECT_OBJC_ISA_USAGE = YES_ERROR;
				CLANG_WARN_DOCUMENTATION_COMMENTS = YES;
				CLANG_WARN_EMPTY_BODY = YES;
				CLANG_WARN_ENUM_CONVERSION = YES;
				CLANG_WARN_INFINITE_RECURSION = YES;
				CLANG_WARN_INT_CONVERSION = YES;
				CLANG_WARN_NON_LITERAL_NULL_CONVERSION = YES;
				CLANG_WARN_OBJC_IMPLICIT_RETAIN_SELF = YES;
				CLANG_WARN_OBJC_LITERAL_CONVERSION = YES;
				CLANG_WARN_OBJC_ROOT_CLASS = YES_ERROR;
				CLANG_WARN_QUOTED_INCLUDE_IN_FRAMEWORK_HEADER = YES;
				CLANG_WARN_RANGE_LOOP_ANALYSIS = YES;
				CLANG_WARN_STRICT_PROTOTYPES = YES;
				CLANG_WARN_SUSPICIOUS_MOVE = YES;
				CLANG_WARN_UNGUARDED_AVAILABILITY = YES_AGGRESSIVE;
				CLANG_WARN_UNREACHABLE_CODE = YES;
				CLANG_WARN__DUPLICATE_METHOD_MATCH = YES;
				COPY_PHASE_STRIP = NO;
				DEBUG_INFORMATION_FORMAT = "dwarf-with-dsym";
				ENABLE_NS_ASSERTIONS = NO;
				ENABLE_STRICT_OBJC_MSGSEND = YES;
				GCC_C_LANGUAGE_STANDARD = gnu11;
				GCC_NO_COMMON_BLOCKS = YES;
				GCC_WARN_64_TO_32_BIT_CONVERSION = YES;
				GCC_WARN_ABOUT_RETURN_TYPE = YES_ERROR;
				GCC_WARN_UNDECLARED_SELECTOR = YES;
				GCC_WARN_UNINITIALIZED_AUTOS = YES_AGGRESSIVE;
				GCC_WARN_UNUSED_FUNCTION = YES;
				GCC_WARN_UNUSED_VARIABLE = YES;
				IPHONEOS_DEPLOYMENT_TARGET = 14.2;
				MTL_ENABLE_DEBUG_INFO = NO;
				MTL_FAST_MATH = YES;
				SDKROOT = iphoneos;
				SWIFT_COMPILATION_MODE = wholemodule;
				SWIFT_OPTIMIZATION_LEVEL = "-O";
				VALIDATE_PRODUCT = YES;
			};
			name = Release;
		};
		D81EDD652598718B00462152 /* Debug */ = {
			isa = XCBuildConfiguration;
			baseConfigurationReference = 9E8FD87B264AF5F630EEA211 /* Pods-Weather.debug.xcconfig */;
			buildSettings = {
				ASSETCATALOG_COMPILER_APPICON_NAME = AppIcon;
				ASSETCATALOG_COMPILER_GLOBAL_ACCENT_COLOR_NAME = AccentColor;
				CODE_SIGN_STYLE = Automatic;
				DEVELOPMENT_TEAM = F474TDMG59;
				INFOPLIST_FILE = Weather/Info.plist;
				LD_RUNPATH_SEARCH_PATHS = (
					"$(inherited)",
					"@executable_path/Frameworks",
				);
				PRODUCT_BUNDLE_IDENTIFIER = com.surya.Weather;
				PRODUCT_NAME = "$(TARGET_NAME)";
				SWIFT_VERSION = 5.0;
				TARGETED_DEVICE_FAMILY = "1,2";
			};
			name = Debug;
		};
		D81EDD662598718B00462152 /* Release */ = {
			isa = XCBuildConfiguration;
			baseConfigurationReference = 7DC36277AC0D634BFB90F2BA /* Pods-Weather.release.xcconfig */;
			buildSettings = {
				ASSETCATALOG_COMPILER_APPICON_NAME = AppIcon;
				ASSETCATALOG_COMPILER_GLOBAL_ACCENT_COLOR_NAME = AccentColor;
				CODE_SIGN_STYLE = Automatic;
				DEVELOPMENT_TEAM = F474TDMG59;
				INFOPLIST_FILE = Weather/Info.plist;
				LD_RUNPATH_SEARCH_PATHS = (
					"$(inherited)",
					"@executable_path/Frameworks",
				);
				PRODUCT_BUNDLE_IDENTIFIER = com.surya.Weather;
				PRODUCT_NAME = "$(TARGET_NAME)";
				SWIFT_VERSION = 5.0;
				TARGETED_DEVICE_FAMILY = "1,2";
			};
			name = Release;
		};
		D81EDD682598718B00462152 /* Debug */ = {
			isa = XCBuildConfiguration;
			baseConfigurationReference = CAE984847A7D7FC95F33FEF6 /* Pods-WeatherTests.debug.xcconfig */;
			buildSettings = {
				ALWAYS_EMBED_SWIFT_STANDARD_LIBRARIES = YES;
				BUNDLE_LOADER = "$(TEST_HOST)";
				CODE_SIGN_STYLE = Automatic;
				DEVELOPMENT_TEAM = F474TDMG59;
				INFOPLIST_FILE = WeatherTests/Info.plist;
				IPHONEOS_DEPLOYMENT_TARGET = 14.2;
				LD_RUNPATH_SEARCH_PATHS = (
					"$(inherited)",
					"@executable_path/Frameworks",
					"@loader_path/Frameworks",
				);
				PRODUCT_BUNDLE_IDENTIFIER = com.surya.WeatherTests;
				PRODUCT_NAME = "$(TARGET_NAME)";
				SWIFT_VERSION = 5.0;
				TARGETED_DEVICE_FAMILY = "1,2";
				TEST_HOST = "$(BUILT_PRODUCTS_DIR)/Weather.app/Weather";
			};
			name = Debug;
		};
		D81EDD692598718B00462152 /* Release */ = {
			isa = XCBuildConfiguration;
			baseConfigurationReference = A635E031A9432CB24044E558 /* Pods-WeatherTests.release.xcconfig */;
			buildSettings = {
				ALWAYS_EMBED_SWIFT_STANDARD_LIBRARIES = YES;
				BUNDLE_LOADER = "$(TEST_HOST)";
				CODE_SIGN_STYLE = Automatic;
				DEVELOPMENT_TEAM = F474TDMG59;
				INFOPLIST_FILE = WeatherTests/Info.plist;
				IPHONEOS_DEPLOYMENT_TARGET = 14.2;
				LD_RUNPATH_SEARCH_PATHS = (
					"$(inherited)",
					"@executable_path/Frameworks",
					"@loader_path/Frameworks",
				);
				PRODUCT_BUNDLE_IDENTIFIER = com.surya.WeatherTests;
				PRODUCT_NAME = "$(TARGET_NAME)";
				SWIFT_VERSION = 5.0;
				TARGETED_DEVICE_FAMILY = "1,2";
				TEST_HOST = "$(BUILT_PRODUCTS_DIR)/Weather.app/Weather";
			};
			name = Release;
		};
		D81EDD6B2598718B00462152 /* Debug */ = {
			isa = XCBuildConfiguration;
			baseConfigurationReference = AEB5AA5A7416BCCCB08D95AC /* Pods-Weather-WeatherUITests.debug.xcconfig */;
			buildSettings = {
				ALWAYS_EMBED_SWIFT_STANDARD_LIBRARIES = YES;
				CODE_SIGN_STYLE = Automatic;
				DEVELOPMENT_TEAM = F474TDMG59;
				INFOPLIST_FILE = WeatherUITests/Info.plist;
				LD_RUNPATH_SEARCH_PATHS = (
					"$(inherited)",
					"@executable_path/Frameworks",
					"@loader_path/Frameworks",
				);
				PRODUCT_BUNDLE_IDENTIFIER = com.surya.WeatherUITests;
				PRODUCT_NAME = "$(TARGET_NAME)";
				SWIFT_VERSION = 5.0;
				TARGETED_DEVICE_FAMILY = "1,2";
				TEST_TARGET_NAME = Weather;
			};
			name = Debug;
		};
		D81EDD6C2598718B00462152 /* Release */ = {
			isa = XCBuildConfiguration;
			baseConfigurationReference = 2003AFC9CBF1FF12CA833CA2 /* Pods-Weather-WeatherUITests.release.xcconfig */;
			buildSettings = {
				ALWAYS_EMBED_SWIFT_STANDARD_LIBRARIES = YES;
				CODE_SIGN_STYLE = Automatic;
				DEVELOPMENT_TEAM = F474TDMG59;
				INFOPLIST_FILE = WeatherUITests/Info.plist;
				LD_RUNPATH_SEARCH_PATHS = (
					"$(inherited)",
					"@executable_path/Frameworks",
					"@loader_path/Frameworks",
				);
				PRODUCT_BUNDLE_IDENTIFIER = com.surya.WeatherUITests;
				PRODUCT_NAME = "$(TARGET_NAME)";
				SWIFT_VERSION = 5.0;
				TARGETED_DEVICE_FAMILY = "1,2";
				TEST_TARGET_NAME = Weather;
			};
			name = Release;
		};
/* End XCBuildConfiguration section */

/* Begin XCConfigurationList section */
		D81EDD322598717F00462152 /* Build configuration list for PBXProject "Weather" */ = {
			isa = XCConfigurationList;
			buildConfigurations = (
				D81EDD622598718B00462152 /* Debug */,
				D81EDD632598718B00462152 /* Release */,
			);
			defaultConfigurationIsVisible = 0;
			defaultConfigurationName = Release;
		};
		D81EDD642598718B00462152 /* Build configuration list for PBXNativeTarget "Weather" */ = {
			isa = XCConfigurationList;
			buildConfigurations = (
				D81EDD652598718B00462152 /* Debug */,
				D81EDD662598718B00462152 /* Release */,
			);
			defaultConfigurationIsVisible = 0;
			defaultConfigurationName = Release;
		};
		D81EDD672598718B00462152 /* Build configuration list for PBXNativeTarget "WeatherTests" */ = {
			isa = XCConfigurationList;
			buildConfigurations = (
				D81EDD682598718B00462152 /* Debug */,
				D81EDD692598718B00462152 /* Release */,
			);
			defaultConfigurationIsVisible = 0;
			defaultConfigurationName = Release;
		};
		D81EDD6A2598718B00462152 /* Build configuration list for PBXNativeTarget "WeatherUITests" */ = {
			isa = XCConfigurationList;
			buildConfigurations = (
				D81EDD6B2598718B00462152 /* Debug */,
				D81EDD6C2598718B00462152 /* Release */,
			);
			defaultConfigurationIsVisible = 0;
			defaultConfigurationName = Release;
		};
/* End XCConfigurationList section */

/* Begin XCVersionGroup section */
		D81EDD432598718000462152 /* Weather.xcdatamodeld */ = {
			isa = XCVersionGroup;
			children = (
				D81EDD442598718000462152 /* Weather.xcdatamodel */,
			);
			currentVersion = D81EDD442598718000462152 /* Weather.xcdatamodel */;
			path = Weather.xcdatamodeld;
			sourceTree = "<group>";
			versionGroupType = wrapper.xcdatamodel;
		};
/* End XCVersionGroup section */
	};
	rootObject = D81EDD2F2598717F00462152 /* Project object */;
}
